
Microsoft Visual Studio Solution File, Format Version 12.00
# Visual Studio Version 17
VisualStudioVersion = 17.14.36518.9 d17.14
MinimumVisualStudioVersion = 10.0.40219.1
Project("{FAE04EC0-301F-11D3-BF4B-00C04F79EFBC}") = "Connect3Dp", "Connect3Dp.csproj", "{5A8B335B-F7C2-4F94-B74B-45E769783857}"
EndProject
Project("{FAE04EC0-301F-11D3-BF4B-00C04F79EFBC}") = "Lib3Dp", "..\Lib3Dp\Lib3Dp.csproj", "{3AE2E495-242E-2D95-B93F-7471BABFC41C}"
EndProject
Global
	GlobalSection(SolutionConfigurationPlatforms) = preSolution
		Debug|Any CPU = Debug|Any CPU
		Release|Any CPU = Release|Any CPU
	EndGlobalSection
	GlobalSection(ProjectConfigurationPlatforms) = postSolution
		{5A8B335B-F7C2-4F94-B74B-45E769783857}.Debug|Any CPU.ActiveCfg = Debug|Any CPU
		{5A8B335B-F7C2-4F94-B74B-45E769783857}.Debug|Any CPU.Build.0 = Debug|Any CPU
		{5A8B335B-F7C2-4F94-B74B-45E769783857}.Release|Any CPU.ActiveCfg = Release|Any CPU
		{5A8B335B-F7C2-4F94-B74B-45E769783857}.Release|Any CPU.Build.0 = Release|Any CPU
		{3AE2E495-242E-2D95-B93F-7471BABFC41C}.Debug|Any CPU.ActiveCfg = Debug|Any CPU
		{3AE2E495-242E-2D95-B93F-7471BABFC41C}.Debug|Any CPU.Build.0 = Debug|Any CPU
		{3AE2E495-242E-2D95-B93F-7471BABFC41C}.Release|Any CPU.ActiveCfg = Release|Any CPU
		{3AE2E495-242E-2D95-B93F-7471BABFC41C}.Release|Any CPU.Build.0 = Release|Any CPU
	EndGlobalSection
	GlobalSection(SolutionProperties) = preSolution
		HideSolutionNode = FALSE
	EndGlobalSection
	GlobalSection(ExtensibilityGlobals) = postSolution
		SolutionGuid = {783B1A70-E5D6-419B-9748-367637210E38}
	EndGlobalSection
EndGlobal
